// !$*UTF8*$!
{
	archiveVersion = 1;
	classes = {
	};
	objectVersion = 50;
	objects = {

/* Begin PBXBuildFile section */
		884C74EA209FFEEF000529DF /* AppDelegate.m in Sources */ = {isa = PBXBuildFile; fileRef = 884C74E9209FFEEF000529DF /* AppDelegate.m */; };
		884C74ED209FFEEF000529DF /* ViewController.m in Sources */ = {isa = PBXBuildFile; fileRef = 884C74EC209FFEEF000529DF /* ViewController.m */; };
		884C74F0209FFEEF000529DF /* Main.storyboard in Resources */ = {isa = PBXBuildFile; fileRef = 884C74EE209FFEEF000529DF /* Main.storyboard */; };
		884C74F2209FFEF1000529DF /* Assets.xcassets in Resources */ = {isa = PBXBuildFile; fileRef = 884C74F1209FFEF1000529DF /* Assets.xcassets */; };
		884C74F5209FFEF1000529DF /* LaunchScreen.storyboard in Resources */ = {isa = PBXBuildFile; fileRef = 884C74F3209FFEF1000529DF /* LaunchScreen.storyboard */; };
		884C74F8209FFEF1000529DF /* main.m in Sources */ = {isa = PBXBuildFile; fileRef = 884C74F7209FFEF1000529DF /* main.m */; };
		884C7501209FFF1D000529DF /* ZJCarInfoView.m in Sources */ = {isa = PBXBuildFile; fileRef = 884C74FF209FFF1D000529DF /* ZJCarInfoView.m */; };
/* End PBXBuildFile section */

/* Begin PBXFileReference section */
		884C74E5209FFEEF000529DF /* iOSDemoCollection.app */ = {isa = PBXFileReference; explicitFileType = wrapper.application; includeInIndex = 0; path = iOSDemoCollection.app; sourceTree = BUILT_PRODUCTS_DIR; };
		884C74E8209FFEEF000529DF /* AppDelegate.h */ = {isa = PBXFileReference; lastKnownFileType = sourcecode.c.h; path = AppDelegate.h; sourceTree = "<group>"; };
		884C74E9209FFEEF000529DF /* AppDelegate.m */ = {isa = PBXFileReference; lastKnownFileType = sourcecode.c.objc; path = AppDelegate.m; sourceTree = "<group>"; };
		884C74EB209FFEEF000529DF /* ViewController.h */ = {isa = PBXFileReference; lastKnownFileType = sourcecode.c.h; path = ViewController.h; sourceTree = "<group>"; };
		884C74EC209FFEEF000529DF /* ViewController.m */ = {isa = PBXFileReference; lastKnownFileType = sourcecode.c.objc; path = ViewController.m; sourceTree = "<group>"; };
		884C74EF209FFEEF000529DF /* Base */ = {isa = PBXFileReference; lastKnownFileType = file.storyboard; name = Base; path = Base.lproj/Main.storyboard; sourceTree = "<group>"; };
		884C74F1209FFEF1000529DF /* Assets.xcassets */ = {isa = PBXFileReference; lastKnownFileType = folder.assetcatalog; path = Assets.xcassets; sourceTree = "<group>"; };
		884C74F4209FFEF1000529DF /* Base */ = {isa = PBXFileReference; lastKnownFileType = file.storyboard; name = Base; path = Base.lproj/LaunchScreen.storyboard; sourceTree = "<group>"; };
		884C74F6209FFEF1000529DF /* Info.plist */ = {isa = PBXFileReference; lastKnownFileType = text.plist.xml; path = Info.plist; sourceTree = "<group>"; };
		884C74F7209FFEF1000529DF /* main.m */ = {isa = PBXFileReference; lastKnownFileType = sourcecode.c.objc; path = main.m; sourceTree = "<group>"; };
		884C74FF209FFF1D000529DF /* ZJCarInfoView.m */ = {isa = PBXFileReference; fileEncoding = 4; lastKnownFileType = sourcecode.c.objc; path = ZJCarInfoView.m; sourceTree = "<group>"; };
		884C7500209FFF1D000529DF /* ZJCarInfoView.h */ = {isa = PBXFileReference; fileEncoding = 4; lastKnownFileType = sourcecode.c.h; path = ZJCarInfoView.h; sourceTree = "<group>"; };
/* End PBXFileReference section */

/* Begin PBXFrameworksBuildPhase section */
		884C74E2209FFEEF000529DF /* Frameworks */ = {
			isa = PBXFrameworksBuildPhase;
			buildActionMask = 2147483647;
			files = (
			);
			runOnlyForDeploymentPostprocessing = 0;
		};
/* End PBXFrameworksBuildPhase section */

/* Begin PBXGroup section */
		884C74DC209FFEEF000529DF = {
			isa = PBXGroup;
			children = (
				884C74E7209FFEEF000529DF /* iOSDemoCollection */,
				884C74E6209FFEEF000529DF /* Products */,
			);
			sourceTree = "<group>";
		};
		884C74E6209FFEEF000529DF /* Products */ = {
			isa = PBXGroup;
			children = (
				884C74E5209FFEEF000529DF /* iOSDemoCollection.app */,
			);
			name = Products;
			sourceTree = "<group>";
		};
		884C74E7209FFEEF000529DF /* iOSDemoCollection */ = {
			isa = PBXGroup;
			children = (
				884C74FE209FFF0D000529DF /* CustomFile */,
				884C74E8209FFEEF000529DF /* AppDelegate.h */,
				884C74E9209FFEEF000529DF /* AppDelegate.m */,
				884C74EB209FFEEF000529DF /* ViewController.h */,
				884C74EC209FFEEF000529DF /* ViewController.m */,
				884C74EE209FFEEF000529DF /* Main.storyboard */,
				884C74F1209FFEF1000529DF /* Assets.xcassets */,
				884C74F3209FFEF1000529DF /* LaunchScreen.storyboard */,
				884C74F6209FFEF1000529DF /* Info.plist */,
				884C74F7209FFEF1000529DF /* main.m */,
			);
			path = iOSDemoCollection;
			sourceTree = "<group>";
		};
		884C74FE209FFF0D000529DF /* CustomFile */ = {
			isa = PBXGroup;
			children = (
				884C7500209FFF1D000529DF /* ZJCarInfoView.h */,
				884C74FF209FFF1D000529DF /* ZJCarInfoView.m */,
			);
			path = CustomFile;
			sourceTree = "<group>";
		};
/* End PBXGroup section */

/* Begin PBXNativeTarget section */
		884C74E4209FFEEF000529DF /* iOSDemoCollection */ = {
			isa = PBXNativeTarget;
			buildConfigurationList = 884C74FB209FFEF1000529DF /* Build configuration list for PBXNativeTarget "iOSDemoCollection" */;
			buildPhases = (
				884C74E1209FFEEF000529DF /* Sources */,
				884C74E2209FFEEF000529DF /* Frameworks */,
				884C74E3209FFEEF000529DF /* Resources */,
			);
			buildRules = (
			);
			dependencies = (
			);
			name = iOSDemoCollection;
			productName = iOSDemoCollection;
			productReference = 884C74E5209FFEEF000529DF /* iOSDemoCollection.app */;
			productType = "com.apple.product-type.application";
		};
/* End PBXNativeTarget section */

/* Begin PBXProject section */
		884C74DD209FFEEF000529DF /* Project object */ = {
			isa = PBXProject;
			attributes = {
				LastUpgradeCheck = 0930;
				ORGANIZATIONNAME = zitang;
				TargetAttributes = {
					884C74E4209FFEEF000529DF = {
						CreatedOnToolsVersion = 9.3;
					};
				};
			};
			buildConfigurationList = 884C74E0209FFEEF000529DF /* Build configuration list for PBXProject "iOSDemoCollection" */;
			compatibilityVersion = "Xcode 9.3";
			developmentRegion = en;
			hasScannedForEncodings = 0;
			knownRegions = (
				en,
				Base,
			);
			mainGroup = 884C74DC209FFEEF000529DF;
			productRefGroup = 884C74E6209FFEEF000529DF /* Products */;
			projectDirPath = "";
			projectRoot = "";
			targets = (
				884C74E4209FFEEF000529DF /* iOSDemoCollection */,
			);
		};
/* End PBXProject section */

/* Begin PBXResourcesBuildPhase section */
		884C74E3209FFEEF000529DF /* Resources */ = {
			isa = PBXResourcesBuildPhase;
			buildActionMask = 2147483647;
			files = (
				884C74F5209FFEF1000529DF /* LaunchScreen.storyboard in Resources */,
				884C74F2209FFEF1000529DF /* Assets.xcassets in Resources */,
				884C74F0209FFEEF000529DF /* Main.storyboard in Resources */,
			);
			runOnlyForDeploymentPostprocessing = 0;
		};
/* End PBXResourcesBuildPhase section */

/* Begin PBXSourcesBuildPhase section */
		884C74E1209FFEEF000529DF /* Sources */ = {
			isa = PBXSourcesBuildPhase;
			buildActionMask = 2147483647;
			files = (
				884C74ED209FFEEF000529DF /* ViewController.m in Sources */,
				884C74F8209FFEF1000529DF /* main.m in Sources */,
				884C74EA209FFEEF000529DF /* AppDelegate.m in Sources */,
				884C7501209FFF1D000529DF /* ZJCarInfoView.m in Sources */,
			);
			runOnlyForDeploymentPostprocessing = 0;
		};
/* End PBXSourcesBuildPhase section */

/* Begin PBXVariantGroup section */
		884C74EE209FFEEF000529DF /* Main.storyboard */ = {
			isa = PBXVariantGroup;
			children = (
				884C74EF209FFEEF000529DF /* Base */,
			);
			name = Main.storyboard;
			sourceTree = "<group>";
		};
		884C74F3209FFEF1000529DF /* LaunchScreen.storyboard */ = {
			isa = PBXVariantGroup;
			children = (
				884C74F4209FFEF1000529DF /* Base */,
			);
			name = LaunchScreen.storyboard;
			sourceTree = "<group>";
		};
/* End PBXVariantGroup section */

/* Begin XCBuildConfiguration section */
		884C74F9209FFEF1000529DF /* Debug */ = {
			isa = XCBuildConfiguration;
			buildSettings = {
				ALWAYS_SEARCH_USER_PATHS = NO;
				CLANG_ANALYZER_NONNULL = YES;
				CLANG_ANALYZER_NUMBER_OBJECT_CONVERSION = YES_AGGRESSIVE;
				CLANG_CXX_LANGUAGE_STANDARD = "gnu++14";
				CLANG_CXX_LIBRARY = "libc++";
				CLANG_ENABLE_MODULES = YES;
				CLANG_ENABLE_OBJC_ARC = YES;
				CLANG_ENABLE_OBJC_WEAK = YES;
				CLANG_WARN_BLOCK_CAPTURE_AUTORELEASING = YES;
				CLANG_WARN_BOOL_CONVERSION = YES;
				CLANG_WARN_COMMA = YES;
				CLANG_WARN_CONSTANT_CONVERSION = YES;
				CLANG_WARN_DEPRECATED_OBJC_IMPLEMENTATIONS = YES;
				CLANG_WARN_DIRECT_OBJC_ISA_USAGE = YES_ERROR;
				CLANG_WARN_DOCUMENTATION_COMMENTS = YES;
				CLANG_WARN_EMPTY_BODY = YES;
				CLANG_WARN_ENUM_CONVERSION = YES;
				CLANG_WARN_INFINITE_RECURSION = YES;
				CLANG_WARN_INT_CONVERSION = YES;
				CLANG_WARN_NON_LITERAL_NULL_CONVERSION = YES;
				CLANG_WARN_OBJC_IMPLICIT_RETAIN_SELF = YES;
				CLANG_WARN_OBJC_LITERAL_CONVERSION = YES;
				CLANG_WARN_OBJC_ROOT_CLASS = YES_ERROR;
				CLANG_WARN_RANGE_LOOP_ANALYSIS = YES;
				CLANG_WARN_STRICT_PROTOTYPES = YES;
				CLANG_WARN_SUSPICIOUS_MOVE = YES;
				CLANG_WARN_UNGUARDED_AVAILABILITY = YES_AGGRESSIVE;
				CLANG_WARN_UNREACHABLE_CODE = YES;
				CLANG_WARN__DUPLICATE_METHOD_MATCH = YES;
				CODE_SIGN_IDENTITY = "iPhone Developer";
				COPY_PHASE_STRIP = NO;
				DEBUG_INFORMATION_FORMAT = dwarf;
				ENABLE_STRICT_OBJC_MSGSEND = YES;
				ENABLE_TESTABILITY = YES;
				GCC_C_LANGUAGE_STANDARD = gnu11;
				GCC_DYNAMIC_NO_PIC = NO;
				GCC_NO_COMMON_BLOCKS = YES;
				GCC_OPTIMIZATION_LEVEL = 0;
				GCC_PREPROCESSOR_DEFINITIONS = (
					"DEBUG=1",
					"$(inherited)",
				);
				GCC_WARN_64_TO_32_BIT_CONVERSION = YES;
				GCC_WARN_ABOUT_RETURN_TYPE = YES_ERROR;
				GCC_WARN_UNDECLARED_SELECTOR = YES;
				GCC_WARN_UNINITIALIZED_AUTOS = YES_AGGRESSIVE;
				GCC_WARN_UNUSED_FUNCTION = YES;
				GCC_WARN_UNUSED_VARIABLE = YES;
				IPHONEOS_DEPLOYMENT_TARGET = 11.3;
				MTL_ENABLE_DEBUG_INFO = YES;
				ONLY_ACTIVE_ARCH = YES;
				SDKROOT = iphoneos;
			};
			name = Debug;
		};
		884C74FA209FFEF1000529DF /* Release */ = {
			isa = XCBuildConfiguration;
			buildSettings = {
				ALWAYS_SEARCH_USER_PATHS = NO;
				CLANG_ANALYZER_NONNULL = YES;
				CLANG_ANALYZER_NUMBER_OBJECT_CONVERSION = YES_AGGRESSIVE;
				CLANG_CXX_LANGUAGE_STANDARD = "gnu++14";
				CLANG_CXX_LIBRARY = "libc++";
				CLANG_ENABLE_MODULES = YES;
				CLANG_ENABLE_OBJC_ARC = YES;
				CLANG_ENABLE_OBJC_WEAK = YES;
				CLANG_WARN_BLOCK_CAPTURE_AUTORELEASING = YES;
				CLANG_WARN_BOOL_CONVERSION = YES;
				CLANG_WARN_COMMA = YES;
				CLANG_WARN_CONSTANT_CONVERSION = YES;
				CLANG_WARN_DEPRECATED_OBJC_IMPLEMENTATIONS = YES;
				CLANG_WARN_DIRECT_OBJC_ISA_USAGE = YES_ERROR;
				CLANG_WARN_DOCUMENTATION_COMMENTS = YES;
				CLANG_WARN_EMPTY_BODY = YES;
				CLANG_WARN_ENUM_CONVERSION = YES;
				CLANG_WARN_INFINITE_RECURSION = YES;
				CLANG_WARN_INT_CONVERSION = YES;
				CLANG_WARN_NON_LITERAL_NULL_CONVERSION = YES;
				CLANG_WARN_OBJC_IMPLICIT_RETAIN_SELF = YES;
				CLANG_WARN_OBJC_LITERAL_CONVERSION = YES;
				CLANG_WARN_OBJC_ROOT_CLASS = YES_ERROR;
				CLANG_WARN_RANGE_LOOP_ANALYSIS = YES;
				CLANG_WARN_STRICT_PROTOTYPES = YES;
				CLANG_WARN_SUSPICIOUS_MOVE = YES;
				CLANG_WARN_UNGUARDED_AVAILABILITY = YES_AGGRESSIVE;
				CLANG_WARN_UNREACHABLE_CODE = YES;
				CLANG_WARN__DUPLICATE_METHOD_MATCH = YES;
				CODE_SIGN_IDENTITY = "iPhone Developer";
				COPY_PHASE_STRIP = NO;
				DEBUG_INFORMATION_FORMAT = "dwarf-with-dsym";
				ENABLE_NS_ASSERTIONS = NO;
				ENABLE_STRICT_OBJC_MSGSEND = YES;
				GCC_C_LANGUAGE_STANDARD = gnu11;
				GCC_NO_COMMON_BLOCKS = YES;
				GCC_WARN_64_TO_32_BIT_CONVERSION = YES;
				GCC_WARN_ABOUT_RETURN_TYPE = YES_ERROR;
				GCC_WARN_UNDECLARED_SELECTOR = YES;
				GCC_WARN_UNINITIALIZED_AUTOS = YES_AGGRESSIVE;
				GCC_WARN_UNUSED_FUNCTION = YES;
				GCC_WARN_UNUSED_VARIABLE = YES;
				IPHONEOS_DEPLOYMENT_TARGET = 11.3;
				MTL_ENABLE_DEBUG_INFO = NO;
				SDKROOT = iphoneos;
				VALIDATE_PRODUCT = YES;
			};
			name = Release;
		};
		884C74FC209FFEF1000529DF /* Debug */ = {
			isa = XCBuildConfiguration;
			buildSettings = {
				ASSETCATALOG_COMPILER_APPICON_NAME = AppIcon;
				CODE_SIGN_STYLE = Automatic;
				DEVELOPMENT_TEAM = CLFR894M64;
				INFOPLIST_FILE = iOSDemoCollection/Info.plist;
				LD_RUNPATH_SEARCH_PATHS = (
					"$(inherited)",
					"@executable_path/Frameworks",
				);
				PRODUCT_BUNDLE_IDENTIFIER = com.zitang.iOSDemoCollection;
				PRODUCT_NAME = "$(TARGET_NAME)";
				TARGETED_DEVICE_FAMILY = "1,2";
			};
			name = Debug;
		};
		884C74FD209FFEF1000529DF /* Release */ = {
			isa = XCBuildConfiguration;
			buildSettings = {
				ASSETCATALOG_COMPILER_APPICON_NAME = AppIcon;
				CODE_SIGN_STYLE = Automatic;
				DEVELOPMENT_TEAM = CLFR894M64;
				INFOPLIST_FILE = iOSDemoCollection/Info.plist;
				LD_RUNPATH_SEARCH_PATHS = (
					"$(inherited)",
					"@executable_path/Frameworks",
				);
				PRODUCT_BUNDLE_IDENTIFIER = com.zitang.iOSDemoCollection;
				PRODUCT_NAME = "$(TARGET_NAME)";
				TARGETED_DEVICE_FAMILY = "1,2";
			};
			name = Release;
		};
/* End XCBuildConfiguration section */

/* Begin XCConfigurationList section */
		884C74E0209FFEEF000529DF /* Build configuration list for PBXProject "iOSDemoCollection" */ = {
			isa = XCConfigurationList;
			buildConfigurations = (
				884C74F9209FFEF1000529DF /* Debug */,
				884C74FA209FFEF1000529DF /* Release */,
			);
			defaultConfigurationIsVisible = 0;
			defaultConfigurationName = Release;
		};
		884C74FB209FFEF1000529DF /* Build configuration list for PBXNativeTarget "iOSDemoCollection" */ = {
			isa = XCConfigurationList;
			buildConfigurations = (
				884C74FC209FFEF1000529DF /* Debug */,
				884C74FD209FFEF1000529DF /* Release */,
			);
			defaultConfigurationIsVisible = 0;
			defaultConfigurationName = Release;
		};
/* End XCConfigurationList section */
	};
	rootObject = 884C74DD209FFEEF000529DF /* Project object */;
}
